
Microsoft Visual Studio Solution File, Format Version 12.00
# Visual Studio Version 17
VisualStudioVersion = 17.4.33110.190
MinimumVisualStudioVersion = 10.0.40219.1
Project("{9A19103F-16F7-4668-BE54-9A1E7A4F7556}") = "StopMotionWpf", "StopMotionWpf\StopMotionWpf.csproj", "{43311016-3B13-4EEA-96DE-8490D6A95008}"
EndProject
Project("{FAE04EC0-301F-11D3-BF4B-00C04F79EFBC}") = "VideCaptureLib", "VideCaptureLib\VideCaptureLib.csproj", "{D60B5742-F91A-478F-B5FB-D9024BD39CFE}"
EndProject
Global
	GlobalSection(SolutionConfigurationPlatforms) = preSolution
		Debug|Any CPU = Debug|Any CPU
		Release|Any CPU = Release|Any CPU
	EndGlobalSection
	GlobalSection(ProjectConfigurationPlatforms) = postSolution
		{43311016-3B13-4EEA-96DE-8490D6A95008}.Debug|Any CPU.ActiveCfg = Debug|Any CPU
		{43311016-3B13-4EEA-96DE-8490D6A95008}.Debug|Any CPU.Build.0 = Debug|Any CPU
		{43311016-3B13-4EEA-96DE-8490D6A95008}.Release|Any CPU.ActiveCfg = Release|Any CPU
		{43311016-3B13-4EEA-96DE-8490D6A95008}.Release|Any CPU.Build.0 = Release|Any CPU
		{D60B5742-F91A-478F-B5FB-D9024BD39CFE}.Debug|Any CPU.ActiveCfg = Debug|Any CPU
		{D60B5742-F91A-478F-B5FB-D9024BD39CFE}.Debug|Any CPU.Build.0 = Debug|Any CPU
		{D60B5742-F91A-478F-B5FB-D9024BD39CFE}.Release|Any CPU.ActiveCfg = Release|Any CPU
		{D60B5742-F91A-478F-B5FB-D9024BD39CFE}.Release|Any CPU.Build.0 = Release|Any CPU
	EndGlobalSection
	GlobalSection(SolutionProperties) = preSolution
		HideSolutionNode = FALSE
	EndGlobalSection
	GlobalSection(ExtensibilityGlobals) = postSolution
		SolutionGuid = {547F3D30-D348-45F0-9347-E694E743547E}
	EndGlobalSection
EndGlobal
